
Microsoft Visual Studio Solution File, Format Version 12.00
# Visual Studio Version 16
VisualStudioVersion = 16.0.30320.27
MinimumVisualStudioVersion = 10.0.40219.1
Project("{FAE04EC0-301F-11D3-BF4B-00C04F79EFBC}") = "Client", "Client\Client.csproj", "{5B8A1D94-E9A7-4EA6-B5B0-25AACCD5CEC7}"
EndProject
Project("{FAE04EC0-301F-11D3-BF4B-00C04F79EFBC}") = "Server", "Server\Server.csproj", "{EE99E3E6-D635-4BD1-A03D-75B040147201}"
EndProject
Project("{FAE04EC0-301F-11D3-BF4B-00C04F79EFBC}") = "Shared", "Shared\Shared.csproj", "{5695C6CA-1D58-4E83-B479-93FFF0AA7963}"
EndProject
Global
	GlobalSection(SolutionConfigurationPlatforms) = preSolution
		Debug|Any CPU = Debug|Any CPU
		Release|Any CPU = Release|Any CPU
	EndGlobalSection
	GlobalSection(ProjectConfigurationPlatforms) = postSolution
		{5B8A1D94-E9A7-4EA6-B5B0-25AACCD5CEC7}.Debug|Any CPU.ActiveCfg = Debug|Any CPU
		{5B8A1D94-E9A7-4EA6-B5B0-25AACCD5CEC7}.Debug|Any CPU.Build.0 = Debug|Any CPU
		{5B8A1D94-E9A7-4EA6-B5B0-25AACCD5CEC7}.Release|Any CPU.ActiveCfg = Release|Any CPU
		{5B8A1D94-E9A7-4EA6-B5B0-25AACCD5CEC7}.Release|Any CPU.Build.0 = Release|Any CPU
		{EE99E3E6-D635-4BD1-A03D-75B040147201}.Debug|Any CPU.ActiveCfg = Debug|Any CPU
		{EE99E3E6-D635-4BD1-A03D-75B040147201}.Debug|Any CPU.Build.0 = Debug|Any CPU
		{EE99E3E6-D635-4BD1-A03D-75B040147201}.Release|Any CPU.ActiveCfg = Release|Any CPU
		{EE99E3E6-D635-4BD1-A03D-75B040147201}.Release|Any CPU.Build.0 = Release|Any CPU
		{5695C6CA-1D58-4E83-B479-93FFF0AA7963}.Debug|Any CPU.ActiveCfg = Debug|Any CPU
		{5695C6CA-1D58-4E83-B479-93FFF0AA7963}.Debug|Any CPU.Build.0 = Debug|Any CPU
		{5695C6CA-1D58-4E83-B479-93FFF0AA7963}.Release|Any CPU.ActiveCfg = Release|Any CPU
		{5695C6CA-1D58-4E83-B479-93FFF0AA7963}.Release|Any CPU.Build.0 = Release|Any CPU
	EndGlobalSection
	GlobalSection(SolutionProperties) = preSolution
		HideSolutionNode = FALSE
	EndGlobalSection
	GlobalSection(ExtensibilityGlobals) = postSolution
		SolutionGuid = {78000213-3FC2-4F20-8FD3-52696170DB80}
	EndGlobalSection
EndGlobal
